
Microsoft Visual Studio Solution File, Format Version 11.00
# Visual Studio 2010
Project("{FAE04EC0-301F-11D3-BF4B-00C04F79EFBC}") = "HelloMonoTouch", "HelloMonoTouch\HelloMonoTouch.csproj", "{108745A9-31D8-47D6-9FA5-29CF3577F03C}"
EndProject
Global
	GlobalSection(SolutionConfigurationPlatforms) = preSolution
		Debug|iPhoneSimulator = Debug|iPhoneSimulator
		Release|iPhoneSimulator = Release|iPhoneSimulator
		Debug|iPhone = Debug|iPhone
		Release|iPhone = Release|iPhone
	EndGlobalSection
	GlobalSection(ProjectConfigurationPlatforms) = postSolution
		{108745A9-31D8-47D6-9FA5-29CF3577F03C}.Debug|iPhone.ActiveCfg = Debug|iPhone
		{108745A9-31D8-47D6-9FA5-29CF3577F03C}.Debug|iPhone.Build.0 = Debug|iPhone
		{108745A9-31D8-47D6-9FA5-29CF3577F03C}.Debug|iPhoneSimulator.ActiveCfg = Debug|iPhoneSimulator
		{108745A9-31D8-47D6-9FA5-29CF3577F03C}.Debug|iPhoneSimulator.Build.0 = Debug|iPhoneSimulator
		{108745A9-31D8-47D6-9FA5-29CF3577F03C}.Release|iPhone.ActiveCfg = Release|iPhone
		{108745A9-31D8-47D6-9FA5-29CF3577F03C}.Release|iPhone.Build.0 = Release|iPhone
		{108745A9-31D8-47D6-9FA5-29CF3577F03C}.Release|iPhoneSimulator.ActiveCfg = Release|iPhoneSimulator
		{108745A9-31D8-47D6-9FA5-29CF3577F03C}.Release|iPhoneSimulator.Build.0 = Release|iPhoneSimulator
	EndGlobalSection
	GlobalSection(MonoDevelopProperties) = preSolution
		StartupItem = HelloMonoTouch\HelloMonoTouch.csproj
	EndGlobalSection
EndGlobal
